
Microsoft Visual Studio Solution File, Format Version 12.00
# Visual Studio for Mac
Project("{FAE04EC0-301F-11D3-BF4B-00C04F79EFBC}") = "Assembly-CSharp", "Assembly-CSharp.csproj", "{E94CBE82-CB03-19B0-70D0-3B13EF517FB9}"
EndProject
Project("{FAE04EC0-301F-11D3-BF4B-00C04F79EFBC}") = "Assembly-CSharp-Editor", "Assembly-CSharp-Editor.csproj", "{A926AE1D-B8CD-E9B5-27F2-707851DE6629}"
EndProject
Global
	GlobalSection(SolutionConfigurationPlatforms) = preSolution
		Debug|Any CPU = Debug|Any CPU
		Release|Any CPU = Release|Any CPU
	EndGlobalSection
	GlobalSection(ProjectConfigurationPlatforms) = postSolution
		{E94CBE82-CB03-19B0-70D0-3B13EF517FB9}.Debug|Any CPU.ActiveCfg = Debug|Any CPU
		{E94CBE82-CB03-19B0-70D0-3B13EF517FB9}.Debug|Any CPU.Build.0 = Debug|Any CPU
		{E94CBE82-CB03-19B0-70D0-3B13EF517FB9}.Release|Any CPU.ActiveCfg = Release|Any CPU
		{E94CBE82-CB03-19B0-70D0-3B13EF517FB9}.Release|Any CPU.Build.0 = Release|Any CPU
		{A926AE1D-B8CD-E9B5-27F2-707851DE6629}.Debug|Any CPU.ActiveCfg = Debug|Any CPU
		{A926AE1D-B8CD-E9B5-27F2-707851DE6629}.Debug|Any CPU.Build.0 = Debug|Any CPU
		{A926AE1D-B8CD-E9B5-27F2-707851DE6629}.Release|Any CPU.ActiveCfg = Release|Any CPU
		{A926AE1D-B8CD-E9B5-27F2-707851DE6629}.Release|Any CPU.Build.0 = Release|Any CPU
	EndGlobalSection
	GlobalSection(SolutionProperties) = preSolution
		HideSolutionNode = FALSE
	EndGlobalSection
EndGlobal
